
Microsoft Visual Studio Solution File, Format Version 12.00
# Visual Studio Version 17
VisualStudioVersion = 17.14.36212.18 d17.14
MinimumVisualStudioVersion = 10.0.40219.1
Project("{FAE04EC0-301F-11D3-BF4B-00C04F79EFBC}") = "LibrarySearch.Web", "LibrarySearch.Web\LibrarySearch.Web.csproj", "{B8D3738A-C012-42B9-8CC6-BD3ADF731A01}"
EndProject
Project("{FAE04EC0-301F-11D3-BF4B-00C04F79EFBC}") = "LibrarySearch.Domain", "LibrarySearch.Domain\LibrarySearch.Domain.csproj", "{AED23EB7-6A39-4FD2-A89F-7F9DB4D5FC02}"
EndProject
Project("{FAE04EC0-301F-11D3-BF4B-00C04F79EFBC}") = "LibrarySearch.Application", "LibrarySearch.Application\LibrarySearch.Application.csproj", "{56242249-6ACC-439A-AB4C-FAAC158CBF97}"
EndProject
Project("{FAE04EC0-301F-11D3-BF4B-00C04F79EFBC}") = "LibrarySearch.Infrastructure", "LibrarySearch.Infrastructure\LibrarySearch.Infrastructure.csproj", "{2D500B67-02AD-4418-B28A-B40C0A10D92F}"
EndProject
Project("{FAE04EC0-301F-11D3-BF4B-00C04F79EFBC}") = "LibrarySearch.Tests", "LibrarySearch.Tests\LibrarySearch.Tests.csproj", "{0C96BF05-1D48-44C0-9322-A0A46AC8E9A5}"
EndProject
Global
	GlobalSection(SolutionConfigurationPlatforms) = preSolution
		Debug|Any CPU = Debug|Any CPU
		Release|Any CPU = Release|Any CPU
	EndGlobalSection
	GlobalSection(ProjectConfigurationPlatforms) = postSolution
		{B8D3738A-C012-42B9-8CC6-BD3ADF731A01}.Debug|Any CPU.ActiveCfg = Debug|Any CPU
		{B8D3738A-C012-42B9-8CC6-BD3ADF731A01}.Debug|Any CPU.Build.0 = Debug|Any CPU
		{B8D3738A-C012-42B9-8CC6-BD3ADF731A01}.Release|Any CPU.ActiveCfg = Release|Any CPU
		{B8D3738A-C012-42B9-8CC6-BD3ADF731A01}.Release|Any CPU.Build.0 = Release|Any CPU
		{AED23EB7-6A39-4FD2-A89F-7F9DB4D5FC02}.Debug|Any CPU.ActiveCfg = Debug|Any CPU
		{AED23EB7-6A39-4FD2-A89F-7F9DB4D5FC02}.Debug|Any CPU.Build.0 = Debug|Any CPU
		{AED23EB7-6A39-4FD2-A89F-7F9DB4D5FC02}.Release|Any CPU.ActiveCfg = Release|Any CPU
		{AED23EB7-6A39-4FD2-A89F-7F9DB4D5FC02}.Release|Any CPU.Build.0 = Release|Any CPU
		{56242249-6ACC-439A-AB4C-FAAC158CBF97}.Debug|Any CPU.ActiveCfg = Debug|Any CPU
		{56242249-6ACC-439A-AB4C-FAAC158CBF97}.Debug|Any CPU.Build.0 = Debug|Any CPU
		{56242249-6ACC-439A-AB4C-FAAC158CBF97}.Release|Any CPU.ActiveCfg = Release|Any CPU
		{56242249-6ACC-439A-AB4C-FAAC158CBF97}.Release|Any CPU.Build.0 = Release|Any CPU
		{2D500B67-02AD-4418-B28A-B40C0A10D92F}.Debug|Any CPU.ActiveCfg = Debug|Any CPU
		{2D500B67-02AD-4418-B28A-B40C0A10D92F}.Debug|Any CPU.Build.0 = Debug|Any CPU
		{2D500B67-02AD-4418-B28A-B40C0A10D92F}.Release|Any CPU.ActiveCfg = Release|Any CPU
		{2D500B67-02AD-4418-B28A-B40C0A10D92F}.Release|Any CPU.Build.0 = Release|Any CPU
		{0C96BF05-1D48-44C0-9322-A0A46AC8E9A5}.Debug|Any CPU.ActiveCfg = Debug|Any CPU
		{0C96BF05-1D48-44C0-9322-A0A46AC8E9A5}.Debug|Any CPU.Build.0 = Debug|Any CPU
		{0C96BF05-1D48-44C0-9322-A0A46AC8E9A5}.Release|Any CPU.ActiveCfg = Release|Any CPU
		{0C96BF05-1D48-44C0-9322-A0A46AC8E9A5}.Release|Any CPU.Build.0 = Release|Any CPU
	EndGlobalSection
	GlobalSection(SolutionProperties) = preSolution
		HideSolutionNode = FALSE
	EndGlobalSection
	GlobalSection(ExtensibilityGlobals) = postSolution
		SolutionGuid = {9894D8D4-063A-4B09-A337-6632EF1DB41D}
	EndGlobalSection
EndGlobal
